{
  "name": "css-checker",
  "version": "1.0.0",
  "lockfileVersion": 1,
  "requires": true,
  "dependencies": {
    "@types/node": {
      "version": "13.9.5",
      "resolved": "https://registry.npm.taobao.org/@types/node/download/@types/node-13.9.5.tgz?cache=0&sync_timestamp=1585328008997&other_urls=https%3A%2F%2Fregistry.npm.taobao.org%2F%40types%2Fnode%2Fdownload%2F%40types%2Fnode-13.9.5.tgz",
      "integrity": "sha1-WXOL8wsxrqH6ot9/Sl9VYTdQzwA=",
      "dev": true
    },
    "globalyzer": {
      "version": "0.1.4",
      "resolved": "https://registry.npm.taobao.org/globalyzer/download/globalyzer-0.1.4.tgz",
      "integrity": "sha1-vI4nOv4ax8JO6o3vW4AjQMXMU08="
    },
    "globrex": {
      "version": "0.1.2",
      "resolved": "https://registry.npm.taobao.org/globrex/download/globrex-0.1.2.tgz",
      "integrity": "sha1-3V2eyCYjJzDNZ5Ol4zqTApheYJg="
    },
    "tiny-glob": {
      "version": "0.2.6",
      "resolved": "https://registry.npm.taobao.org/tiny-glob/download/tiny-glob-0.2.6.tgz",
      "integrity": "sha1-ngVuFp2XiP6Kc036H/Aum5Ltfto=",
      "requires": {
        "globalyzer": "^0.1.0",
        "globrex": "^0.1.1"
      }
    }
  }
}
